
Microsoft Visual Studio Solution File, Format Version 12.00
# Visual Studio Version 16
VisualStudioVersion = 16.0.30225.117
MinimumVisualStudioVersion = 10.0.40219.1
Project("{FAE04EC0-301F-11D3-BF4B-00C04F79EFBC}") = "EquirectangularSample.Android", "EquirectangularSample\EquirectangularSample.Android\EquirectangularSample.Android.csproj", "{5AC33E32-85A1-44E9-B98A-3639493DA31A}"
EndProject
Project("{FAE04EC0-301F-11D3-BF4B-00C04F79EFBC}") = "EquirectangularSample.iOS", "EquirectangularSample\EquirectangularSample.iOS\EquirectangularSample.iOS.csproj", "{B92EDF8D-CE7D-4A67-A422-139FEEAFF6B1}"
EndProject
Project("{9A19103F-16F7-4668-BE54-9A1E7A4F7556}") = "EquirectangularSample", "EquirectangularSample\EquirectangularSample\EquirectangularSample.csproj", "{E93F252F-FC53-49AB-9D99-C11A167F381F}"
EndProject
Project("{D954291E-2A0B-460D-934E-DC6B0785DB48}") = "Shared", "EquirectangularSample\Shared\Shared.shproj", "{9CA1F849-4C46-480E-9F03-3BFF55F75D63}"
EndProject
Global
	GlobalSection(SharedMSBuildProjectFiles) = preSolution
		EquirectangularSample\Shared\Shared.projitems*{5ac33e32-85a1-44e9-b98a-3639493da31a}*SharedItemsImports = 4
		EquirectangularSample\Shared\Shared.projitems*{9ca1f849-4c46-480e-9f03-3bff55f75d63}*SharedItemsImports = 13
		EquirectangularSample\Shared\Shared.projitems*{b92edf8d-ce7d-4a67-a422-139feeaff6b1}*SharedItemsImports = 4
	EndGlobalSection
	GlobalSection(SolutionConfigurationPlatforms) = preSolution
		Debug|Any CPU = Debug|Any CPU
		Debug|iPhone = Debug|iPhone
		Debug|iPhoneSimulator = Debug|iPhoneSimulator
		Release|Any CPU = Release|Any CPU
		Release|iPhone = Release|iPhone
		Release|iPhoneSimulator = Release|iPhoneSimulator
	EndGlobalSection
	GlobalSection(ProjectConfigurationPlatforms) = postSolution
		{5AC33E32-85A1-44E9-B98A-3639493DA31A}.Debug|Any CPU.ActiveCfg = Debug|Any CPU
		{5AC33E32-85A1-44E9-B98A-3639493DA31A}.Debug|Any CPU.Build.0 = Debug|Any CPU
		{5AC33E32-85A1-44E9-B98A-3639493DA31A}.Debug|Any CPU.Deploy.0 = Debug|Any CPU
		{5AC33E32-85A1-44E9-B98A-3639493DA31A}.Debug|iPhone.ActiveCfg = Debug|Any CPU
		{5AC33E32-85A1-44E9-B98A-3639493DA31A}.Debug|iPhone.Build.0 = Debug|Any CPU
		{5AC33E32-85A1-44E9-B98A-3639493DA31A}.Debug|iPhone.Deploy.0 = Debug|Any CPU
		{5AC33E32-85A1-44E9-B98A-3639493DA31A}.Debug|iPhoneSimulator.ActiveCfg = Debug|Any CPU
		{5AC33E32-85A1-44E9-B98A-3639493DA31A}.Debug|iPhoneSimulator.Build.0 = Debug|Any CPU
		{5AC33E32-85A1-44E9-B98A-3639493DA31A}.Debug|iPhoneSimulator.Deploy.0 = Debug|Any CPU
		{5AC33E32-85A1-44E9-B98A-3639493DA31A}.Release|Any CPU.ActiveCfg = Release|Any CPU
		{5AC33E32-85A1-44E9-B98A-3639493DA31A}.Release|Any CPU.Build.0 = Release|Any CPU
		{5AC33E32-85A1-44E9-B98A-3639493DA31A}.Release|Any CPU.Deploy.0 = Release|Any CPU
		{5AC33E32-85A1-44E9-B98A-3639493DA31A}.Release|iPhone.ActiveCfg = Release|Any CPU
		{5AC33E32-85A1-44E9-B98A-3639493DA31A}.Release|iPhone.Build.0 = Release|Any CPU
		{5AC33E32-85A1-44E9-B98A-3639493DA31A}.Release|iPhone.Deploy.0 = Release|Any CPU
		{5AC33E32-85A1-44E9-B98A-3639493DA31A}.Release|iPhoneSimulator.ActiveCfg = Release|Any CPU
		{5AC33E32-85A1-44E9-B98A-3639493DA31A}.Release|iPhoneSimulator.Build.0 = Release|Any CPU
		{5AC33E32-85A1-44E9-B98A-3639493DA31A}.Release|iPhoneSimulator.Deploy.0 = Release|Any CPU
		{B92EDF8D-CE7D-4A67-A422-139FEEAFF6B1}.Debug|Any CPU.ActiveCfg = Debug|iPhone
		{B92EDF8D-CE7D-4A67-A422-139FEEAFF6B1}.Debug|Any CPU.Build.0 = Debug|iPhone
		{B92EDF8D-CE7D-4A67-A422-139FEEAFF6B1}.Debug|Any CPU.Deploy.0 = Debug|iPhone
		{B92EDF8D-CE7D-4A67-A422-139FEEAFF6B1}.Debug|iPhone.ActiveCfg = Debug|iPhone
		{B92EDF8D-CE7D-4A67-A422-139FEEAFF6B1}.Debug|iPhone.Build.0 = Debug|iPhone
		{B92EDF8D-CE7D-4A67-A422-139FEEAFF6B1}.Debug|iPhone.Deploy.0 = Debug|iPhone
		{B92EDF8D-CE7D-4A67-A422-139FEEAFF6B1}.Debug|iPhoneSimulator.ActiveCfg = Debug|iPhoneSimulator
		{B92EDF8D-CE7D-4A67-A422-139FEEAFF6B1}.Debug|iPhoneSimulator.Build.0 = Debug|iPhoneSimulator
		{B92EDF8D-CE7D-4A67-A422-139FEEAFF6B1}.Debug|iPhoneSimulator.Deploy.0 = Debug|iPhoneSimulator
		{B92EDF8D-CE7D-4A67-A422-139FEEAFF6B1}.Release|Any CPU.ActiveCfg = Release|iPhone
		{B92EDF8D-CE7D-4A67-A422-139FEEAFF6B1}.Release|Any CPU.Build.0 = Release|iPhone
		{B92EDF8D-CE7D-4A67-A422-139FEEAFF6B1}.Release|Any CPU.Deploy.0 = Release|iPhone
		{B92EDF8D-CE7D-4A67-A422-139FEEAFF6B1}.Release|iPhone.ActiveCfg = Release|iPhone
		{B92EDF8D-CE7D-4A67-A422-139FEEAFF6B1}.Release|iPhone.Build.0 = Release|iPhone
		{B92EDF8D-CE7D-4A67-A422-139FEEAFF6B1}.Release|iPhone.Deploy.0 = Release|iPhone
		{B92EDF8D-CE7D-4A67-A422-139FEEAFF6B1}.Release|iPhoneSimulator.ActiveCfg = Release|iPhoneSimulator
		{B92EDF8D-CE7D-4A67-A422-139FEEAFF6B1}.Release|iPhoneSimulator.Build.0 = Release|iPhoneSimulator
		{B92EDF8D-CE7D-4A67-A422-139FEEAFF6B1}.Release|iPhoneSimulator.Deploy.0 = Release|iPhoneSimulator
		{E93F252F-FC53-49AB-9D99-C11A167F381F}.Debug|Any CPU.ActiveCfg = Debug|Any CPU
		{E93F252F-FC53-49AB-9D99-C11A167F381F}.Debug|Any CPU.Build.0 = Debug|Any CPU
		{E93F252F-FC53-49AB-9D99-C11A167F381F}.Debug|Any CPU.Deploy.0 = Debug|Any CPU
		{E93F252F-FC53-49AB-9D99-C11A167F381F}.Debug|iPhone.ActiveCfg = Debug|Any CPU
		{E93F252F-FC53-49AB-9D99-C11A167F381F}.Debug|iPhone.Build.0 = Debug|Any CPU
		{E93F252F-FC53-49AB-9D99-C11A167F381F}.Debug|iPhone.Deploy.0 = Debug|Any CPU
		{E93F252F-FC53-49AB-9D99-C11A167F381F}.Debug|iPhoneSimulator.ActiveCfg = Debug|Any CPU
		{E93F252F-FC53-49AB-9D99-C11A167F381F}.Debug|iPhoneSimulator.Build.0 = Debug|Any CPU
		{E93F252F-FC53-49AB-9D99-C11A167F381F}.Debug|iPhoneSimulator.Deploy.0 = Debug|Any CPU
		{E93F252F-FC53-49AB-9D99-C11A167F381F}.Release|Any CPU.ActiveCfg = Release|Any CPU
		{E93F252F-FC53-49AB-9D99-C11A167F381F}.Release|Any CPU.Build.0 = Release|Any CPU
		{E93F252F-FC53-49AB-9D99-C11A167F381F}.Release|Any CPU.Deploy.0 = Release|Any CPU
		{E93F252F-FC53-49AB-9D99-C11A167F381F}.Release|iPhone.ActiveCfg = Release|Any CPU
		{E93F252F-FC53-49AB-9D99-C11A167F381F}.Release|iPhone.Build.0 = Release|Any CPU
		{E93F252F-FC53-49AB-9D99-C11A167F381F}.Release|iPhone.Deploy.0 = Release|Any CPU
		{E93F252F-FC53-49AB-9D99-C11A167F381F}.Release|iPhoneSimulator.ActiveCfg = Release|Any CPU
		{E93F252F-FC53-49AB-9D99-C11A167F381F}.Release|iPhoneSimulator.Build.0 = Release|Any CPU
		{E93F252F-FC53-49AB-9D99-C11A167F381F}.Release|iPhoneSimulator.Deploy.0 = Release|Any CPU
	EndGlobalSection
	GlobalSection(SolutionProperties) = preSolution
		HideSolutionNode = FALSE
	EndGlobalSection
	GlobalSection(ExtensibilityGlobals) = postSolution
		SolutionGuid = {A43FB392-DE98-457E-9D7B-6FBBED052AC9}
	EndGlobalSection
EndGlobal
